{
  "version": "5",
  "specifiers": {
    "jsr:@mutasaurus/mutasaurus@0.1.4": "0.1.4",
    "jsr:@std/assert@*": "1.0.10",
    "jsr:@std/assert@1.0": "1.0.10",
    "jsr:@std/cli@*": "1.0.29",
    "jsr:@std/cli@1.0": "1.0.29",
    "jsr:@std/fs@^1.0.19": "1.0.24",
    "jsr:@std/internal@^1.0.14": "1.0.14",
    "jsr:@std/internal@^1.0.5": "1.0.14",
    "jsr:@std/path@*": "1.1.6",
    "jsr:@std/path@^1.1.5": "1.1.6",
    "npm:@oxc-project/types@0.95.0": "0.95.0",
    "npm:oxc-walker@0.5.2": "0.5.2_oxc-parser@0.147.0"
  },
  "jsr": {
    "@mutasaurus/mutasaurus@0.1.4": {
      "integrity": "560604058ad0c4ad8a5f144a777b022bee343eeec8085f7651336a1dad98836b",
      "dependencies": [
        "jsr:@std/fs",
        "npm:@oxc-project/types",
        "npm:oxc-walker"
      ]
    },
    "@std/assert@1.0.10": {
      "integrity": "59b5cbac5bd55459a19045d95cc7c2ff787b4f8527c0dd195078ff6f9481fbb3",
      "dependencies": [
        "jsr:@std/internal@^1.0.5"
      ]
    },
    "@std/cli@1.0.29": {
      "integrity": "fa4ef29130baa834d8a13b7d138240c3a2fcfba740bfb7afa646a360a15ec84f"
    },
    "@std/fs@1.0.24": {
      "integrity": "f3061b45b81673a2bece689da041df32d174be064c89eb6397fb5718d3fb7877",
      "dependencies": [
        "jsr:@std/internal@^1.0.14",
        "jsr:@std/path@^1.1.5"
      ]
    },
    "@std/internal@1.0.13": {
      "integrity": "2f9546691d4ac2d32859c82dff284aaeac980ddeca38430d07941e7e288725c0"
    },
    "@std/internal@1.0.14": {
      "integrity": "291516b3d4c35024d6ffbc0a9df5bf4c64116e05b50012cf846710152d2ffdf7"
    },
    "@std/path@1.1.6": {
      "integrity": "c68485c2a4dfbb5ae3cc74fae4e8c4e5d874cf8a8ed12927917235c758b46cbe",
      "dependencies": [
        "jsr:@std/internal@^1.0.14"
      ]
    }
  },
  "npm": {
    "@jridgewell/gen-mapping@0.3.13": {
      "integrity": "sha512-2kkt/7niJ6MgEPxF0bYdQ6etZaA+fQvDcLKckhy1yIQOzaoKjBBjSj63/aLVjYE3qhRt5dvM+uUyfCg6UKCBbA==",
      "dependencies": [
        "@jridgewell/sourcemap-codec",
        "@jridgewell/trace-mapping"
      ]
    },
    "@jridgewell/remapping@2.3.5": {
      "integrity": "sha512-LI9u/+laYG4Ds1TDKSJW2YPrIlcVYOwi2fUC6xB43lueCjgxV4lffOCZCtYFiH6TNOX+tQKXx97T4IKHbhyHEQ==",
      "dependencies": [
        "@jridgewell/gen-mapping",
        "@jridgewell/trace-mapping"
      ]
    },
    "@jridgewell/resolve-uri@3.1.2": {
      "integrity": "sha512-bRISgCIjP20/tbWSPWMEi54QVPRZExkuD9lJL+UIxUKtwVJA8wW1Trb1jMs1RFXo1CBTNZ/5hpC9QvmKWdopKw=="
    },
    "@jridgewell/sourcemap-codec@1.5.5": {
      "integrity": "sha512-cYQ9310grqxueWbl+WuIUIaiUaDcj7WOq5fVhEljNVgRfOUhY9fy2zTvfoqWsnebh8Sl70VScFbICvJnLKB0Og=="
    },
    "@jridgewell/trace-mapping@0.3.31": {
      "integrity": "sha512-zzNR+SdQSDJzc8joaeP8QQoCQr8NuYx2dIIytl1QeBEZHJ9uW6hebsrYgbz8hJwUQao3TWCMtmfV8Nu1twOLAw==",
      "dependencies": [
        "@jridgewell/resolve-uri",
        "@jridgewell/sourcemap-codec"
      ]
    },
    "@oxc-parser/binding-android-arm-eabi@0.147.0": {
      "integrity": "sha512-fOtoGvIoirkvxQVw9J1WJPxz571XPgLsPf9uhRD+PJteUnvrJHMDmK9pw2yZEGGyismtRoEsp+JcXUdF/JDMDw==",
      "os": ["android"],
      "cpu": ["arm"]
    },
    "@oxc-parser/binding-android-arm64@0.147.0": {
      "integrity": "sha512-emjQHOYJaomo4ykaXQ1EItunr/I94Nk01oqBmU4dSkKSTupIDx6OysVDf2e8Eytm77rb+4ZxzgElyWP7rcEX7A==",
      "os": ["android"],
      "cpu": ["arm64"]
    },
    "@oxc-parser/binding-darwin-arm64@0.147.0": {
      "integrity": "sha512-kXvBPJL7RmDPJ2mze/vXPPVQimCDtFr9OFLjf7dyhV5Dx64cgcXh9KKrA1sMWvCObvJll9CZZUO0FBlFwD0l6A==",
      "os": ["darwin"],
      "cpu": ["arm64"]
    },
    "@oxc-parser/binding-darwin-x64@0.147.0": {
      "integrity": "sha512-mgFF8pLU6R64LbT27lSrtVRspVC/3IcZ0qyIikzmi78Y3Ik2OPnlAHHI0UEBRcC3qmNgtjaef7zkFt7/uPxIcw==",
      "os": ["darwin"],
      "cpu": ["x64"]
    },
    "@oxc-parser/binding-freebsd-x64@0.147.0": {
      "integrity": "sha512-v38aiF11qufOTBcCAKL4skgQf0zJ4NEvRlivq7B5kHrlyvjCLjvNrMtNWDTz1SDUL6/xVsJRmLDxv2e+Cp4oWw==",
      "os": ["freebsd"],
      "cpu": ["x64"]
    },
    "@oxc-parser/binding-linux-arm-gnueabihf@0.147.0": {
      "integrity": "sha512-AeIiBbwUaP0H1+4/qGW9l5qHecS/+XA5iMuieVcGb1T+tyc2dVGspFW13BWk/XrLsiGP/CiDJTJqAPLLCzZHkw==",
      "os": ["linux"],
      "cpu": ["arm"]
    },
    "@oxc-parser/binding-linux-arm-musleabihf@0.147.0": {
      "integrity": "sha512-/41MKPW4RgPY4DJco0NCF0RYX3IMZaVlRNMNzvhaxRavc7tN3Txm+qllZbh0aMRs0VHdgUlbI8TcAOiTai4TKg==",
      "os": ["linux"],
      "cpu": ["arm"]
    },
    "@oxc-parser/binding-linux-arm64-gnu@0.147.0": {
      "integrity": "sha512-bmpw/RPhVXgZbtb3xBDuwW5s8+LvZYdqcDSX/sP2ltL77aTio3DP/B5ZTwwgoJ6Mr9vJs4RrmgEKW9XkLNUU1g==",
      "os": ["linux"],
      "cpu": ["arm64"]
    },
    "@oxc-parser/binding-linux-arm64-musl@0.147.0": {
      "integrity": "sha512-gd7VX/FDVOw6mjQcu45iIcp4QkgybgJwh3a0OFG2NxmPCj628mQWD96QGu1kK8+mZF9qK4b/gIEyC63vQoB7+Q==",
      "os": ["linux"],
      "cpu": ["arm64"]
    },
    "@oxc-parser/binding-linux-ppc64-gnu@0.147.0": {
      "integrity": "sha512-HnAzcfki7dSUNHf510Q2NmbJlz8Ys7rn8l9l588Pkx0tYe1BHLZnmELIgqizJ4WPhHGSwN8Ce+B/menVxS3odA==",
      "os": ["linux"],
      "cpu": ["ppc64"]
    },
    "@oxc-parser/binding-linux-riscv64-gnu@0.147.0": {
      "integrity": "sha512-qlkOL6wT44U+fT5s/+sR6Shx0OdwvQF83JyIPZUxG/ovqZF5/7atOtjH+JPZ5/7ATQLbFBBSmghcy/+2NVB/ew==",
      "os": ["linux"],
      "cpu": ["riscv64"]
    },
    "@oxc-parser/binding-linux-riscv64-musl@0.147.0": {
      "integrity": "sha512-DlefD7L7sMXs/3hIBH23Egk0phj8kG0SA81dVGOQ3S1ekjOlmTLH2E+F2Thwfh1slKx6aH+lNc5fQYAw0GU7/g==",
      "os": ["linux"],
      "cpu": ["riscv64"]
    },
    "@oxc-parser/binding-linux-s390x-gnu@0.147.0": {
      "integrity": "sha512-Xqpagk/031IvZ4svrk2FF01YEqM/iN3MJV3SVZadKg/CsGlDCGoREqKHXYnoV5+8SfGe/m6RM1szXFLusTu/Uw==",
      "os": ["linux"],
      "cpu": ["s390x"]
    },
    "@oxc-parser/binding-linux-x64-gnu@0.147.0": {
      "integrity": "sha512-QioQOeUbI4ATUr0S2z88uA3Cds2R3Mm5Ge7U8XNYtlTb2GJF3rWlcj70z0AJhhOlbdm0YgVjqPBldUNbFylDIg==",
      "os": ["linux"],
      "cpu": ["x64"]
    },
    "@oxc-parser/binding-linux-x64-musl@0.147.0": {
      "integrity": "sha512-NXy1tv/OdC+pPTwf9RiCZWPK53V/Xq/2cjSnjOSyKopajdaDqMIkgtDY+jXZemp2e8px5FeWfY2L2LwhKZQovg==",
      "os": ["linux"],
      "cpu": ["x64"]
    },
    "@oxc-parser/binding-openharmony-arm64@0.147.0": {
      "integrity": "sha512-GpGWZ6oKz4bjCWW9Mz5pCaGPyk2Aaze6zEoaslIQqpSLtpx5pXj/ap5gUNb5Jn2LIbqWyjkGLX9yv3NMuNcBVQ==",
      "os": ["openharmony"],
      "cpu": ["arm64"]
    },
    "@oxc-parser/binding-win32-arm64-msvc@0.147.0": {
      "integrity": "sha512-a8mlt7CC8z7LUdCfaxhff4kCd+vSjE+NEFL0cxA8ukfuSnvAto/pWTjytW4BuVLnQGcCVdHJwcRKOfs++H+tjw==",
      "os": ["win32"],
      "cpu": ["arm64"]
    },
    "@oxc-parser/binding-win32-ia32-msvc@0.147.0": {
      "integrity": "sha512-M5ViVDBcFLnl2632AuuWuP35zEL5oikK1jTx8r3+902VEDeSNHxFZAB6RZyfZ7MU6Oi5QTOG8MmMkIeHsudSaw==",
      "os": ["win32"],
      "cpu": ["ia32"]
    },
    "@oxc-parser/binding-win32-x64-msvc@0.147.0": {
      "integrity": "sha512-DUaE13OwnUSlHpLZNcC/nuT10ivlWqc5EZgsfgXuAmWYw0r3nDxGeLD1zlGwYwIgVk1/ZMAxoXpV+05stvbHaA==",
      "os": ["win32"],
      "cpu": ["x64"]
    },
    "@oxc-project/types@0.147.0": {
      "integrity": "sha512-IJ3s6ltHLp45S0bh7phkX+gJO7A1Wuz2EaqpAhb8WjqDwbzMiWKHhyyT42tskaWjEYXtHtVCPpnBJVT9+dcRLg=="
    },
    "@oxc-project/types@0.95.0": {
      "integrity": "sha512-vACy7vhpMPhjEJhULNxrdR0D943TkA/MigMpJCHmBHvMXxRStRi/dPtTlfQ3uDwWSzRpT8z+7ImjZVf8JWBocQ=="
    },
    "@types/estree@1.0.9": {
      "integrity": "sha512-GhdPgy1el4/ImP05X05Uw4cw2/M93BCUmnEvWZNStlCzEKME4Fkk+YpoA5OiHNQmoS7Cafb8Xa3Pya8m1Qrzeg=="
    },
    "acorn@8.18.0": {
      "integrity": "sha512-lGq+9yr1/GuAWaVYIHRjvvySG5/4VfKIvC8EWxStPdcDh/Ka7FG3twP6v4d5BkravUilhIAsG4Qj83t02LWUPQ==",
      "bin": true
    },
    "confbox@0.1.8": {
      "integrity": "sha512-RMtmw0iFkeR4YV+fUOSucriAQNb9g8zFR52MWCtl+cCZOFRNL6zeB395vPzFhEjjn4fMxXudmELnl/KF/WrK6w=="
    },
    "estree-walker@3.0.3": {
      "integrity": "sha512-7RUKfXgSMMkzt6ZuXmqapOurLGPPfgj6l9uRZ7lRGolvk0y2yocc35LdcxKC5PQZdn2DMqioAQ2NoWcrTKmm6g==",
      "dependencies": [
        "@types/estree"
      ]
    },
    "magic-regexp@0.10.0": {
      "integrity": "sha512-Uly1Bu4lO1hwHUW0CQeSWuRtzCMNO00CmXtS8N6fyvB3B979GOEEeAkiTUDsmbYLAbvpUS/Kt5c4ibosAzVyVg==",
      "dependencies": [
        "estree-walker",
        "magic-string",
        "mlly",
        "regexp-tree",
        "type-level-regexp",
        "ufo",
        "unplugin"
      ]
    },
    "magic-string@0.30.21": {
      "integrity": "sha512-vd2F4YUyEXKGcLHoq+TEyCjxueSeHnFxyyjNp80yg0XV4vUhnDer/lvvlqM/arB5bXQN5K2/3oinyCRyx8T2CQ==",
      "dependencies": [
        "@jridgewell/sourcemap-codec"
      ]
    },
    "mlly@1.8.2": {
      "integrity": "sha512-d+ObxMQFmbt10sretNDytwt85VrbkhhUA/JBGm1MPaWJ65Cl4wOgLaB1NYvJSZ0Ef03MMEU/0xpPMXUIQ29UfA==",
      "dependencies": [
        "acorn",
        "pathe",
        "pkg-types",
        "ufo"
      ]
    },
    "oxc-parser@0.147.0": {
      "integrity": "sha512-5xaug6t7GfV3BO5Iv+xHW1rmQkDEQ3BEu3L8g3InsvWO5i8CYGc4tCZ2X985QcwWNycFJam+aOns6Nr2XAThTA==",
      "dependencies": [
        "@oxc-project/types@0.147.0"
      ],
      "optionalDependencies": [
        "@oxc-parser/binding-android-arm-eabi",
        "@oxc-parser/binding-android-arm64",
        "@oxc-parser/binding-darwin-arm64",
        "@oxc-parser/binding-darwin-x64",
        "@oxc-parser/binding-freebsd-x64",
        "@oxc-parser/binding-linux-arm-gnueabihf",
        "@oxc-parser/binding-linux-arm-musleabihf",
        "@oxc-parser/binding-linux-arm64-gnu",
        "@oxc-parser/binding-linux-arm64-musl",
        "@oxc-parser/binding-linux-ppc64-gnu",
        "@oxc-parser/binding-linux-riscv64-gnu",
        "@oxc-parser/binding-linux-riscv64-musl",
        "@oxc-parser/binding-linux-s390x-gnu",
        "@oxc-parser/binding-linux-x64-gnu",
        "@oxc-parser/binding-linux-x64-musl",
        "@oxc-parser/binding-openharmony-arm64",
        "@oxc-parser/binding-win32-arm64-msvc",
        "@oxc-parser/binding-win32-ia32-msvc",
        "@oxc-parser/binding-win32-x64-msvc"
      ]
    },
    "oxc-walker@0.5.2_oxc-parser@0.147.0": {
      "integrity": "sha512-XYoZqWwApSKUmSDEFeOKdy3Cdh95cOcSU8f7yskFWE4Rl3cfL5uwyY+EV7Brk9mdNLy+t5SseJajd6g7KncvlA==",
      "dependencies": [
        "magic-regexp",
        "oxc-parser"
      ]
    },
    "pathe@2.0.3": {
      "integrity": "sha512-WUjGcAqP1gQacoQe+OBJsFA7Ld4DyXuUIjZ5cc75cLHvJ7dtNsTugphxIADwspS+AraAUePCKrSVtPLFj/F88w=="
    },
    "picomatch@4.0.7": {
      "integrity": "sha512-qcJu88Q2IWqJsDD529JKMdwGm/dvInW4HvQnRwiH9JtihJvzGOscDtHE3x1pBKeUOTysQ8kVmLnJ2kJu7yhcGA=="
    },
    "pkg-types@1.3.1": {
      "integrity": "sha512-/Jm5M4RvtBFVkKWRu2BLUTNP8/M2a+UwuAX+ae4770q1qVGtfjG+WTCupoZixokjmHiry8uI+dlY8KXYV5HVVQ==",
      "dependencies": [
        "confbox",
        "mlly",
        "pathe"
      ]
    },
    "regexp-tree@0.1.27": {
      "integrity": "sha512-iETxpjK6YoRWJG5o6hXLwvjYAoW+FEZn9os0PD/b6AP6xQwsa/Y7lCVgIixBbUPMfhu+i2LtdeAqVTgGlQarfA==",
      "bin": true
    },
    "type-level-regexp@0.1.17": {
      "integrity": "sha512-wTk4DH3cxwk196uGLK/E9pE45aLfeKJacKmcEgEOA/q5dnPGNxXt0cfYdFxb57L+sEpf1oJH4Dnx/pnRcku9jg=="
    },
    "ufo@1.6.4": {
      "integrity": "sha512-JFNbkD1Svwe0KvGi8GOeLcP4kAWQ609twvCdcHxq1oSL8svv39ZuSvajcD8B+5D0eL4+s1Is2D/O6KN3qcTeRA=="
    },
    "unplugin@2.3.11": {
      "integrity": "sha512-5uKD0nqiYVzlmCRs01Fhs2BdkEgBS3SAVP6ndrBsuK42iC2+JHyxM05Rm9G8+5mkmRtzMZGY8Ct5+mliZxU/Ww==",
      "dependencies": [
        "@jridgewell/remapping",
        "acorn",
        "picomatch",
        "webpack-virtual-modules"
      ]
    },
    "webpack-virtual-modules@0.6.2": {
      "integrity": "sha512-66/V2i5hQanC51vBQKPH4aI8NMAcBW59FVBs+rC7eGHupMyfn34q7rZIE+ETlJ+XTevqfUhVVBgSUNSW2flEUQ=="
    }
  }
}
