{
  "version": "5",
  "specifiers": {
    "jsr:@mutasaurus/mutasaurus@0.1.4": "0.1.4",
    "jsr:@std/assert@*": "1.0.10",
    "jsr:@std/assert@1.0": "1.0.10",
    "jsr:@std/cli@*": "1.0.29",
    "jsr:@std/cli@1.0": "1.0.29",
    "jsr:@std/fs@^1.0.19": "1.0.24",
    "jsr:@std/internal@^1.0.14": "1.0.14",
    "jsr:@std/internal@^1.0.5": "1.0.14",
    "jsr:@std/path@*": "1.1.6",
    "jsr:@std/path@^1.1.5": "1.1.6"
  },
  "jsr": {
    "@mutasaurus/mutasaurus@0.1.4": {
      "integrity": "560604058ad0c4ad8a5f144a777b022bee343eeec8085f7651336a1dad98836b",
      "dependencies": [
        "jsr:@std/fs"
      ]
    },
    "@std/assert@1.0.10": {
      "integrity": "59b5cbac5bd55459a19045d95cc7c2ff787b4f8527c0dd195078ff6f9481fbb3",
      "dependencies": [
        "jsr:@std/internal@^1.0.5"
      ]
    },
    "@std/cli@1.0.29": {
      "integrity": "fa4ef29130baa834d8a13b7d138240c3a2fcfba740bfb7afa646a360a15ec84f"
    },
    "@std/fs@1.0.24": {
      "integrity": "f3061b45b81673a2bece689da041df32d174be064c89eb6397fb5718d3fb7877",
      "dependencies": [
        "jsr:@std/internal@^1.0.14",
        "jsr:@std/path@^1.1.5"
      ]
    },
    "@std/internal@1.0.13": {
      "integrity": "2f9546691d4ac2d32859c82dff284aaeac980ddeca38430d07941e7e288725c0"
    },
    "@std/internal@1.0.14": {
      "integrity": "291516b3d4c35024d6ffbc0a9df5bf4c64116e05b50012cf846710152d2ffdf7"
    },
    "@std/path@1.1.6": {
      "integrity": "c68485c2a4dfbb5ae3cc74fae4e8c4e5d874cf8a8ed12927917235c758b46cbe",
      "dependencies": [
        "jsr:@std/internal@^1.0.14"
      ]
    }
  }
}
